
Microsoft Visual Studio Solution File, Format Version 12.00
# Visual Studio 15
VisualStudioVersion = 15.0.28010.2003
MinimumVisualStudioVersion = 10.0.40219.1
Project("{FAE04EC0-301F-11D3-BF4B-00C04F79EFBC}") = "Lab2_AHBCGrandCircus", "Lab2_AHBCGrandCircus.csproj", "{7C329E9D-BF94-4F2F-A6FC-36102BAC6AED}"
EndProject
Global
	GlobalSection(SolutionConfigurationPlatforms) = preSolution
		Debug|Any CPU = Debug|Any CPU
		Release|Any CPU = Release|Any CPU
	EndGlobalSection
	GlobalSection(ProjectConfigurationPlatforms) = postSolution
		{7C329E9D-BF94-4F2F-A6FC-36102BAC6AED}.Debug|Any CPU.ActiveCfg = Debug|Any CPU
		{7C329E9D-BF94-4F2F-A6FC-36102BAC6AED}.Debug|Any CPU.Build.0 = Debug|Any CPU
		{7C329E9D-BF94-4F2F-A6FC-36102BAC6AED}.Release|Any CPU.ActiveCfg = Release|Any CPU
		{7C329E9D-BF94-4F2F-A6FC-36102BAC6AED}.Release|Any CPU.Build.0 = Release|Any CPU
	EndGlobalSection
	GlobalSection(SolutionProperties) = preSolution
		HideSolutionNode = FALSE
	EndGlobalSection
	GlobalSection(ExtensibilityGlobals) = postSolution
		SolutionGuid = {D246D050-CAF7-431A-B420-4483B8081301}
	EndGlobalSection
EndGlobal
